# THIS IS AN AUTOGENERATED FILE. DO NOT EDIT THIS FILE DIRECTLY.
# yarn lockfile v1


"@adobe/css-tools@^4.0.1":
  version "4.2.0"
  resolved "https://registry.npmmirror.com/@adobe/css-tools/-/css-tools-4.2.0.tgz#e1a84fca468f4b337816fcb7f0964beb620ba855"
  integrity sha512-E09FiIft46CmH5Qnjb0wsW54/YQd69LsxeKUOWawmws1XWvyFGURnAChH0mlr7YPFR1ofwvUQfcL0J3lMxXqPA==

"@babel/parser@^7.16.4":
  version "7.20.15"
  resolved "https://registry.npmmirror.com/@babel/parser/-/parser-7.20.15.tgz#eec9f36d8eaf0948bb88c87a46784b5ee9fd0c89"
  integrity sha512-DI4a1oZuf8wC+oAJA9RW6ga3Zbe8RZFt7kD9i4qAspz3I/yHet1VvC3DiSy/fsUvv5pvJuNPh0LPOdCcqinDPg==

"@better-scroll/core@^2.5.0":
  version "2.5.0"
  resolved "https://registry.npmmirror.com/@better-scroll/core/-/core-2.5.0.tgz#5ba0318b8bcfb61fc9f33ee99ce33593620d6097"
  integrity sha512-+3aKf8T3kUl4Gj1M7NKV3fNFhsrBpTWwHoDClkXVmQ8S3TxMMHf6Kyw6l1zKsg4r+9ukW5lDDkyif7/gY76qXQ==
  dependencies:
    "@better-scroll/shared-utils" "^2.5.0"

"@better-scroll/indicators@^2.5.0":
  version "2.5.0"
  resolved "https://registry.npmmirror.com/@better-scroll/indicators/-/indicators-2.5.0.tgz#ea14b9c80b3367952dc325acd1d383577f80abbe"
  integrity sha512-zSj6xBj7DaFLb+fxLllK6nm4LoDiF0/Wj2uCF+ruq82CzoiiRO7nk14cYONP+niURu1DUBpI4gYPsNxanPeHyA==
  dependencies:
    "@better-scroll/core" "^2.5.0"

"@better-scroll/infinity@^2.5.0":
  version "2.5.0"
  resolved "https://registry.npmmirror.com/@better-scroll/infinity/-/infinity-2.5.0.tgz#4f16c96773220d540693943ddff9c9232d255e3a"
  integrity sha512-GN2MH7NhYrusWQqENYVLBzldXodaTpx0gaRj7dgtjP8CDzQsWLZ/rw5NeG4exLDxxfDUELC28ZeA+X0SewoQHg==
  dependencies:
    "@better-scroll/core" "^2.5.0"

"@better-scroll/mouse-wheel@^2.5.0":
  version "2.5.0"
  resolved "https://registry.npmmirror.com/@better-scroll/mouse-wheel/-/mouse-wheel-2.5.0.tgz#60097be07b3f23eb326a24d6da135f6f02d4b9af"
  integrity sha512-ZQLAinumoBlW+EO30bKWUcBhlhNh9fI9/8Q6KbIp4vkuUfAYzZPtaVjzFSTtbo5XTTqraH184jtUf3wY0zFNrA==
  dependencies:
    "@better-scroll/core" "^2.5.0"

"@better-scroll/movable@^2.5.0":
  version "2.5.0"
  resolved "https://registry.npmmirror.com/@better-scroll/movable/-/movable-2.5.0.tgz#f587dcea77f3821923acc04901c8e3376500d581"
  integrity sha512-zwOZnAEOGUvbM/01OFXwsOluPt7hhKiSPQUXl9XDAO4d6lTWpNak4mrcb3p0rPdX6TX6TbgglzPuQVvi4WXSlQ==
  dependencies:
    "@better-scroll/core" "^2.5.0"

"@better-scroll/nested-scroll@^2.5.0":
  version "2.5.0"
  resolved "https://registry.npmmirror.com/@better-scroll/nested-scroll/-/nested-scroll-2.5.0.tgz#3293134abc45afdc785e328d6803bf89f3ae2a36"
  integrity sha512-hBtM7S//rnoD47RsbFjSv+uW/PnpVf1V67gxqIIgzW1E1D0H4SSTddh4JNIMfZVxo2LijOsZBIrjCINiQtYeVw==
  dependencies:
    "@better-scroll/core" "^2.5.0"

"@better-scroll/observe-dom@^2.5.0":
  version "2.5.0"
  resolved "https://registry.npmmirror.com/@better-scroll/observe-dom/-/observe-dom-2.5.0.tgz#886d20ffb4d1cde2d229fb8a7b4bc1a678e4288d"
  integrity sha512-E7wZooGYN9BKcJ+/Tto+GnDN5KNoXlnnde/0Vs9MuQqvI73neFpIcHD3MvX99DaGCpV3cOQlmCw0dmL9q+jEow==
  dependencies:
    "@better-scroll/core" "^2.5.0"

"@better-scroll/observe-image@^2.5.0":
  version "2.5.0"
  resolved "https://registry.npmmirror.com/@better-scroll/observe-image/-/observe-image-2.5.0.tgz#0ac02dffba42ccf15472266fcf2487f43c03a08a"
  integrity sha512-CgtzTnwx3lHB8g6VROfq0gfI8d6Vds/tyDQ7M520eR2jcetnNiNt11dS63XIK/OcZugAmhuG2bzGRv8/DhiKhg==
  dependencies:
    "@better-scroll/core" "^2.5.0"

"@better-scroll/pull-down@^2.5.0":
  version "2.5.0"
  resolved "https://registry.npmmirror.com/@better-scroll/pull-down/-/pull-down-2.5.0.tgz#aa40853a28d1e7b5c0f7bc3ed7bb6958cf900ae7"
  integrity sha512-9XkW0CUr0FPanbaCL1OPo5YfCpr2iGGb7Fnd6CCwDI0G6vo01c5/nvOkMbIA8SZhK9X34/yg70f9zS8XXdIBQA==
  dependencies:
    "@better-scroll/core" "^2.5.0"

"@better-scroll/pull-up@^2.5.0":
  version "2.5.0"
  resolved "https://registry.npmmirror.com/@better-scroll/pull-up/-/pull-up-2.5.0.tgz#803c03a1f47cfaeb8d5b047283ce5c583116dad6"
  integrity sha512-vBsAiv8nBaSDN+kYWF2IGknNmypr5J8EyT7n+jHVuo3r1MGvFOlgBmF10z9jArj0yntqyGcx7RMVdwtmxOP+Sg==
  dependencies:
    "@better-scroll/core" "^2.5.0"

"@better-scroll/scroll-bar@^2.5.0":
  version "2.5.0"
  resolved "https://registry.npmmirror.com/@better-scroll/scroll-bar/-/scroll-bar-2.5.0.tgz#c2c1daa607ffc8f81ee8a511f92b613595b3a953"
  integrity sha512-eHfVy6mr0Pj1wwmsdHeRgHssxTSOtdytNbAmFq37tvB0StKtPwgm9OFce8cDNM1XpmBfSH/R99PhKW7Qvid5RQ==
  dependencies:
    "@better-scroll/core" "^2.5.0"

"@better-scroll/shared-utils@^2.5.0":
  version "2.5.0"
  resolved "https://registry.npmmirror.com/@better-scroll/shared-utils/-/shared-utils-2.5.0.tgz#1cb5c25b5766920516ede88ce30149be321e88c4"
  integrity sha512-5bfR/cwzIFtgWAU5E0CPKcOUvyd7KcgDZyAbOJQT6qqJeUBmTpG4Z8R7qO8uvqdZ0yIXxRPOu4te2Qt6ihGhkQ==

"@better-scroll/slide@^2.5.0":
  version "2.5.0"
  resolved "https://registry.npmmirror.com/@better-scroll/slide/-/slide-2.5.0.tgz#8a3b9654540776bb445c2712dfb8f1a7baf94f65"
  integrity sha512-p+rrQr8S3fXwu5I9vhi2aiRyHuprFDHxIiOADNLhECVVrkuvrh4/H1df3G2F8m+eSYW9m+d0W8WfEbZA1zeHIA==
  dependencies:
    "@better-scroll/core" "^2.5.0"

"@better-scroll/wheel@^2.5.0":
  version "2.5.0"
  resolved "https://registry.npmmirror.com/@better-scroll/wheel/-/wheel-2.5.0.tgz#3ec65a8b0643e0a87cb32d5bfd4abe344ec1b07a"
  integrity sha512-+cru8CtMtgGGMv3yOxn33ApbtatOZBVUCa7+X3UqVVyaxi6FbCrcSZCBlXhXpsFhJo1R282O6nQyik6KUidvoA==
  dependencies:
    "@better-scroll/core" "^2.5.0"

"@better-scroll/zoom@^2.5.0":
  version "2.5.0"
  resolved "https://registry.npmmirror.com/@better-scroll/zoom/-/zoom-2.5.0.tgz#e6e69546090fd11c150cf5a4c66cb851ee213b8f"
  integrity sha512-+RuJb8WfY9MYObJtSo5yafZZjTJ6Or944pa24X/yW6dUgqm08kCjATWAEjzRgfqcEYPYBXUkXHe0PeyjPnZxTQ==
  dependencies:
    "@better-scroll/core" "^2.5.0"

"@esbuild/android-arm64@0.16.17":
  version "0.16.17"
  resolved "https://registry.npmmirror.com/@esbuild/android-arm64/-/android-arm64-0.16.17.tgz#cf91e86df127aa3d141744edafcba0abdc577d23"
  integrity sha512-MIGl6p5sc3RDTLLkYL1MyL8BMRN4tLMRCn+yRJJmEDvYZ2M7tmAf80hx1kbNEUX2KJ50RRtxZ4JHLvCfuB6kBg==

"@esbuild/android-arm@0.16.17":
  version "0.16.17"
  resolved "https://registry.npmmirror.com/@esbuild/android-arm/-/android-arm-0.16.17.tgz#025b6246d3f68b7bbaa97069144fb5fb70f2fff2"
  integrity sha512-N9x1CMXVhtWEAMS7pNNONyA14f71VPQN9Cnavj1XQh6T7bskqiLLrSca4O0Vr8Wdcga943eThxnVp3JLnBMYtw==

"@esbuild/android-x64@0.16.17":
  version "0.16.17"
  resolved "https://registry.npmmirror.com/@esbuild/android-x64/-/android-x64-0.16.17.tgz#c820e0fef982f99a85c4b8bfdd582835f04cd96e"
  integrity sha512-a3kTv3m0Ghh4z1DaFEuEDfz3OLONKuFvI4Xqczqx4BqLyuFaFkuaG4j2MtA6fuWEFeC5x9IvqnX7drmRq/fyAQ==

"@esbuild/darwin-arm64@0.16.17":
  version "0.16.17"
  resolved "https://registry.npmmirror.com/@esbuild/darwin-arm64/-/darwin-arm64-0.16.17.tgz#edef4487af6b21afabba7be5132c26d22379b220"
  integrity sha512-/2agbUEfmxWHi9ARTX6OQ/KgXnOWfsNlTeLcoV7HSuSTv63E4DqtAc+2XqGw1KHxKMHGZgbVCZge7HXWX9Vn+w==

"@esbuild/darwin-x64@0.16.17":
  version "0.16.17"
  resolved "https://registry.npmmirror.com/@esbuild/darwin-x64/-/darwin-x64-0.16.17.tgz#42829168730071c41ef0d028d8319eea0e2904b4"
  integrity sha512-2By45OBHulkd9Svy5IOCZt376Aa2oOkiE9QWUK9fe6Tb+WDr8hXL3dpqi+DeLiMed8tVXspzsTAvd0jUl96wmg==

"@esbuild/freebsd-arm64@0.16.17":
  version "0.16.17"
  resolved "https://registry.npmmirror.com/@esbuild/freebsd-arm64/-/freebsd-arm64-0.16.17.tgz#1f4af488bfc7e9ced04207034d398e793b570a27"
  integrity sha512-mt+cxZe1tVx489VTb4mBAOo2aKSnJ33L9fr25JXpqQqzbUIw/yzIzi+NHwAXK2qYV1lEFp4OoVeThGjUbmWmdw==

"@esbuild/freebsd-x64@0.16.17":
  version "0.16.17"
  resolved "https://registry.npmmirror.com/@esbuild/freebsd-x64/-/freebsd-x64-0.16.17.tgz#636306f19e9bc981e06aa1d777302dad8fddaf72"
  integrity sha512-8ScTdNJl5idAKjH8zGAsN7RuWcyHG3BAvMNpKOBaqqR7EbUhhVHOqXRdL7oZvz8WNHL2pr5+eIT5c65kA6NHug==

"@esbuild/linux-arm64@0.16.17":
  version "0.16.17"
  resolved "https://registry.npmmirror.com/@esbuild/linux-arm64/-/linux-arm64-0.16.17.tgz#a003f7ff237c501e095d4f3a09e58fc7b25a4aca"
  integrity sha512-7S8gJnSlqKGVJunnMCrXHU9Q8Q/tQIxk/xL8BqAP64wchPCTzuM6W3Ra8cIa1HIflAvDnNOt2jaL17vaW+1V0g==

"@esbuild/linux-arm@0.16.17":
  version "0.16.17"
  resolved "https://registry.npmmirror.com/@esbuild/linux-arm/-/linux-arm-0.16.17.tgz#b591e6a59d9c4fe0eeadd4874b157ab78cf5f196"
  integrity sha512-iihzrWbD4gIT7j3caMzKb/RsFFHCwqqbrbH9SqUSRrdXkXaygSZCZg1FybsZz57Ju7N/SHEgPyaR0LZ8Zbe9gQ==

"@esbuild/linux-ia32@0.16.17":
  version "0.16.17"
  resolved "https://registry.npmmirror.com/@esbuild/linux-ia32/-/linux-ia32-0.16.17.tgz#24333a11027ef46a18f57019450a5188918e2a54"
  integrity sha512-kiX69+wcPAdgl3Lonh1VI7MBr16nktEvOfViszBSxygRQqSpzv7BffMKRPMFwzeJGPxcio0pdD3kYQGpqQ2SSg==

"@esbuild/linux-loong64@0.16.17":
  version "0.16.17"
  resolved "https://registry.npmmirror.com/@esbuild/linux-loong64/-/linux-loong64-0.16.17.tgz#d5ad459d41ed42bbd4d005256b31882ec52227d8"
  integrity sha512-dTzNnQwembNDhd654cA4QhbS9uDdXC3TKqMJjgOWsC0yNCbpzfWoXdZvp0mY7HU6nzk5E0zpRGGx3qoQg8T2DQ==

"@esbuild/linux-mips64el@0.16.17":
  version "0.16.17"
  resolved "https://registry.npmmirror.com/@esbuild/linux-mips64el/-/linux-mips64el-0.16.17.tgz#4e5967a665c38360b0a8205594377d4dcf9c3726"
  integrity sha512-ezbDkp2nDl0PfIUn0CsQ30kxfcLTlcx4Foz2kYv8qdC6ia2oX5Q3E/8m6lq84Dj/6b0FrkgD582fJMIfHhJfSw==

"@esbuild/linux-ppc64@0.16.17":
  version "0.16.17"
  resolved "https://registry.npmmirror.com/@esbuild/linux-ppc64/-/linux-ppc64-0.16.17.tgz#206443a02eb568f9fdf0b438fbd47d26e735afc8"
  integrity sha512-dzS678gYD1lJsW73zrFhDApLVdM3cUF2MvAa1D8K8KtcSKdLBPP4zZSLy6LFZ0jYqQdQ29bjAHJDgz0rVbLB3g==

"@esbuild/linux-riscv64@0.16.17":
  version "0.16.17"
  resolved "https://registry.npmmirror.com/@esbuild/linux-riscv64/-/linux-riscv64-0.16.17.tgz#c351e433d009bf256e798ad048152c8d76da2fc9"
  integrity sha512-ylNlVsxuFjZK8DQtNUwiMskh6nT0vI7kYl/4fZgV1llP5d6+HIeL/vmmm3jpuoo8+NuXjQVZxmKuhDApK0/cKw==

"@esbuild/linux-s390x@0.16.17":
  version "0.16.17"
  resolved "https://registry.npmmirror.com/@esbuild/linux-s390x/-/linux-s390x-0.16.17.tgz#661f271e5d59615b84b6801d1c2123ad13d9bd87"
  integrity sha512-gzy7nUTO4UA4oZ2wAMXPNBGTzZFP7mss3aKR2hH+/4UUkCOyqmjXiKpzGrY2TlEUhbbejzXVKKGazYcQTZWA/w==

"@esbuild/linux-x64@0.16.17":
  version "0.16.17"
  resolved "https://registry.npmmirror.com/@esbuild/linux-x64/-/linux-x64-0.16.17.tgz#e4ba18e8b149a89c982351443a377c723762b85f"
  integrity sha512-mdPjPxfnmoqhgpiEArqi4egmBAMYvaObgn4poorpUaqmvzzbvqbowRllQ+ZgzGVMGKaPkqUmPDOOFQRUFDmeUw==

"@esbuild/netbsd-x64@0.16.17":
  version "0.16.17"
  resolved "https://registry.npmmirror.com/@esbuild/netbsd-x64/-/netbsd-x64-0.16.17.tgz#7d4f4041e30c5c07dd24ffa295c73f06038ec775"
  integrity sha512-/PzmzD/zyAeTUsduZa32bn0ORug+Jd1EGGAUJvqfeixoEISYpGnAezN6lnJoskauoai0Jrs+XSyvDhppCPoKOA==

"@esbuild/openbsd-x64@0.16.17":
  version "0.16.17"
  resolved "https://registry.npmmirror.com/@esbuild/openbsd-x64/-/openbsd-x64-0.16.17.tgz#970fa7f8470681f3e6b1db0cc421a4af8060ec35"
  integrity sha512-2yaWJhvxGEz2RiftSk0UObqJa/b+rIAjnODJgv2GbGGpRwAfpgzyrg1WLK8rqA24mfZa9GvpjLcBBg8JHkoodg==

"@esbuild/sunos-x64@0.16.17":
  version "0.16.17"
  resolved "https://registry.npmmirror.com/@esbuild/sunos-x64/-/sunos-x64-0.16.17.tgz#abc60e7c4abf8b89fb7a4fe69a1484132238022c"
  integrity sha512-xtVUiev38tN0R3g8VhRfN7Zl42YCJvyBhRKw1RJjwE1d2emWTVToPLNEQj/5Qxc6lVFATDiy6LjVHYhIPrLxzw==

"@esbuild/win32-arm64@0.16.17":
  version "0.16.17"
  resolved "https://registry.npmmirror.com/@esbuild/win32-arm64/-/win32-arm64-0.16.17.tgz#7b0ff9e8c3265537a7a7b1fd9a24e7bd39fcd87a"
  integrity sha512-ga8+JqBDHY4b6fQAmOgtJJue36scANy4l/rL97W+0wYmijhxKetzZdKOJI7olaBaMhWt8Pac2McJdZLxXWUEQw==

"@esbuild/win32-ia32@0.16.17":
  version "0.16.17"
  resolved "https://registry.npmmirror.com/@esbuild/win32-ia32/-/win32-ia32-0.16.17.tgz#e90fe5267d71a7b7567afdc403dfd198c292eb09"
  integrity sha512-WnsKaf46uSSF/sZhwnqE4L/F89AYNMiD4YtEcYekBt9Q7nj0DiId2XH2Ng2PHM54qi5oPrQ8luuzGszqi/veig==

"@esbuild/win32-x64@0.16.17":
  version "0.16.17"
  resolved "https://registry.npmmirror.com/@esbuild/win32-x64/-/win32-x64-0.16.17.tgz#c5a1a4bfe1b57f0c3e61b29883525c6da3e5c091"
  integrity sha512-y+EHuSchhL7FjHgvQL/0fnnFmO4T1bhvWANX6gcnqTjtnKWbTvUMCpGnv2+t+31d7RzyEAYAd4u2fnIhHL6N/Q==

"@nodelib/fs.scandir@2.1.5":
  version "2.1.5"
  resolved "https://registry.npmmirror.com/@nodelib/fs.scandir/-/fs.scandir-2.1.5.tgz#7619c2eb21b25483f6d167548b4cfd5a7488c3d5"
  integrity sha512-vq24Bq3ym5HEQm2NKCr3yXDwjc7vTsEThRDnkp2DK9p1uqLR+DHurm/NOTo0KG7HYHU7eppKZj3MyqYuMBf62g==
  dependencies:
    "@nodelib/fs.stat" "2.0.5"
    run-parallel "^1.1.9"

"@nodelib/fs.stat@2.0.5", "@nodelib/fs.stat@^2.0.2":
  version "2.0.5"
  resolved "https://registry.npmmirror.com/@nodelib/fs.stat/-/fs.stat-2.0.5.tgz#5bd262af94e9d25bd1e71b05deed44876a222e8b"
  integrity sha512-RkhPPp2zrqDAQA/2jNhnztcPAlv64XdhIp7a7454A5ovI7Bukxgt7MX7udwAu3zg1DcpPU0rz3VV1SeaqvY4+A==

"@nodelib/fs.walk@^1.2.3":
  version "1.2.8"
  resolved "https://registry.npmmirror.com/@nodelib/fs.walk/-/fs.walk-1.2.8.tgz#e95737e8bb6746ddedf69c556953494f196fe69a"
  integrity sha512-oGB+UxlgWcgQkgwo8GcEGwemoTFt3FIO9ababBmaGwXIoBKZ+GTy0pP185beGg7Llih/NSHSV2XAs1lnznocSg==
  dependencies:
    "@nodelib/fs.scandir" "2.1.5"
    fastq "^1.6.0"

"@rollup/plugin-node-resolve@^15.0.1":
  version "15.0.1"
  resolved "https://registry.npmmirror.com/@rollup/plugin-node-resolve/-/plugin-node-resolve-15.0.1.tgz#72be449b8e06f6367168d5b3cd5e2802e0248971"
  integrity sha512-ReY88T7JhJjeRVbfCyNj+NXAG3IIsVMsX9b5/9jC98dRP8/yxlZdz7mHZbHk5zHr24wZZICS5AcXsFZAXYUQEg==
  dependencies:
    "@rollup/pluginutils" "^5.0.1"
    "@types/resolve" "1.20.2"
    deepmerge "^4.2.2"
    is-builtin-module "^3.2.0"
    is-module "^1.0.0"
    resolve "^1.22.1"

"@rollup/pluginutils@^4.1.2":
  version "4.2.1"
  resolved "https://registry.npmmirror.com/@rollup/pluginutils/-/pluginutils-4.2.1.tgz#e6c6c3aba0744edce3fb2074922d3776c0af2a6d"
  integrity sha512-iKnFXr7NkdZAIHiIWE+BX5ULi/ucVFYWD6TbAV+rZctiRTY2PL6tsIKhoIOaoskiWAkgu+VsbXgUVDNLHf+InQ==
  dependencies:
    estree-walker "^2.0.1"
    picomatch "^2.2.2"

"@rollup/pluginutils@^5.0.1":
  version "5.0.2"
  resolved "https://registry.npmmirror.com/@rollup/pluginutils/-/pluginutils-5.0.2.tgz#012b8f53c71e4f6f9cb317e311df1404f56e7a33"
  integrity sha512-pTd9rIsP92h+B6wWwFbW8RkZv4hiR/xKsqre4SIuAOaOEQRxi0lqLke9k2/7WegC85GgUs9pjmOjCUi3In4vwA==
  dependencies:
    "@types/estree" "^1.0.0"
    estree-walker "^2.0.2"
    picomatch "^2.3.1"

"@types/estree@^1.0.0":
  version "1.0.0"
  resolved "https://registry.npmmirror.com/@types/estree/-/estree-1.0.0.tgz#5fb2e536c1ae9bf35366eed879e827fa59ca41c2"
  integrity sha512-WulqXMDUTYAXCjZnk6JtIHPigp55cVtDgDrO2gHRwhyJto21+1zbVCtOYB2L1F9w4qCQ0rOGWBnBe0FNTiEJIQ==

"@types/node@^18.14.2":
  version "18.14.2"
  resolved "https://registry.npmmirror.com/@types/node/-/node-18.14.2.tgz#c076ed1d7b6095078ad3cf21dfeea951842778b1"
  integrity sha512-1uEQxww3DaghA0RxqHx0O0ppVlo43pJhepY51OxuQIKHpjbnYLA7vcdwioNPzIqmC2u3I/dmylcqjlh0e7AyUA==

"@types/resolve@1.20.2":
  version "1.20.2"
  resolved "https://registry.npmmirror.com/@types/resolve/-/resolve-1.20.2.tgz#97d26e00cd4a0423b4af620abecf3e6f442b7975"
  integrity sha512-60BCwRFOZCQhDncwQdxxeOEEkbc5dIMccYLwbxsS4TUNeVECQ/pBJ0j09mrHOl/JJvpRPGwO9SvE4nR2Nb/a4Q==

"@vitejs/plugin-vue@^4.0.0":
  version "4.0.0"
  resolved "https://registry.npmmirror.com/@vitejs/plugin-vue/-/plugin-vue-4.0.0.tgz#93815beffd23db46288c787352a8ea31a0c03e5e"
  integrity sha512-e0X4jErIxAB5oLtDqbHvHpJe/uWNkdpYV83AOG2xo2tEVSzCzewgJMtREZM30wXnM5ls90hxiOtAuVU6H5JgbA==

"@volar/language-core@1.0.24":
  version "1.0.24"
  resolved "https://registry.npmmirror.com/@volar/language-core/-/language-core-1.0.24.tgz#5d767571e77728464635e61af1debca944811fe0"
  integrity sha512-vTN+alJiWwK0Pax6POqrmevbtFW2dXhjwWiW/MW4f48eDYPLdyURWcr8TixO7EN/nHsUBj2udT7igFKPtjyAKg==
  dependencies:
    "@volar/source-map" "1.0.24"
    muggle-string "^0.1.0"

"@volar/source-map@1.0.24":
  version "1.0.24"
  resolved "https://registry.npmmirror.com/@volar/source-map/-/source-map-1.0.24.tgz#ad4c827fea5c26b4bf38a86d983e7deb65b1c61e"
  integrity sha512-Qsv/tkplx18pgBr8lKAbM1vcDqgkGKQzbChg6NW+v0CZc3G7FLmK+WrqEPzKlN7Cwdc6XVL559Nod8WKAfKr4A==
  dependencies:
    muggle-string "^0.1.0"

"@volar/typescript@1.0.24":
  version "1.0.24"
  resolved "https://registry.npmmirror.com/@volar/typescript/-/typescript-1.0.24.tgz#f934eda9774b31abdff53efc56782cd2623723d5"
  integrity sha512-f8hCSk+PfKR1/RQHxZ79V1NpDImHoivqoizK+mstphm25tn/YJ/JnKNjZHB+o21fuW0yKlI26NV3jkVb2Cc/7A==
  dependencies:
    "@volar/language-core" "1.0.24"

"@volar/vue-language-core@1.0.24":
  version "1.0.24"
  resolved "https://registry.npmmirror.com/@volar/vue-language-core/-/vue-language-core-1.0.24.tgz#81d180a8e09a53cb575e83acb79a31493891a1a4"
  integrity sha512-2NTJzSgrwKu6uYwPqLiTMuAzi7fAY3yFy5PJ255bGJc82If0Xr+cW8pC80vpjG0D/aVLmlwAdO4+Ya2BI8GdDg==
  dependencies:
    "@volar/language-core" "1.0.24"
    "@volar/source-map" "1.0.24"
    "@vue/compiler-dom" "^3.2.45"
    "@vue/compiler-sfc" "^3.2.45"
    "@vue/reactivity" "^3.2.45"
    "@vue/shared" "^3.2.45"
    minimatch "^5.1.1"
    vue-template-compiler "^2.7.14"

"@volar/vue-typescript@1.0.24":
  version "1.0.24"
  resolved "https://registry.npmmirror.com/@volar/vue-typescript/-/vue-typescript-1.0.24.tgz#bef9b2bfb1b108c0f6cb12ec6fbf449b43fc8257"
  integrity sha512-9a25oHDvGaNC0okRS47uqJI6FxY4hUQZUsxeOUFHcqVxZEv8s17LPuP/pMMXyz7jPygrZubB/qXqHY5jEu/akA==
  dependencies:
    "@volar/typescript" "1.0.24"
    "@volar/vue-language-core" "1.0.24"

"@vue/compiler-core@3.2.47":
  version "3.2.47"
  resolved "https://registry.npmmirror.com/@vue/compiler-core/-/compiler-core-3.2.47.tgz#3e07c684d74897ac9aa5922c520741f3029267f8"
  integrity sha512-p4D7FDnQb7+YJmO2iPEv0SQNeNzcbHdGByJDsT4lynf63AFkOTFN07HsiRSvjGo0QrxR/o3d0hUyNCUnBU2Tig==
  dependencies:
    "@babel/parser" "^7.16.4"
    "@vue/shared" "3.2.47"
    estree-walker "^2.0.2"
    source-map "^0.6.1"

"@vue/compiler-dom@3.2.47", "@vue/compiler-dom@^3.2.45":
  version "3.2.47"
  resolved "https://registry.npmmirror.com/@vue/compiler-dom/-/compiler-dom-3.2.47.tgz#a0b06caf7ef7056939e563dcaa9cbde30794f305"
  integrity sha512-dBBnEHEPoftUiS03a4ggEig74J2YBZ2UIeyfpcRM2tavgMWo4bsEfgCGsu+uJIL/vax9S+JztH8NmQerUo7shQ==
  dependencies:
    "@vue/compiler-core" "3.2.47"
    "@vue/shared" "3.2.47"

"@vue/compiler-sfc@3.2.47", "@vue/compiler-sfc@^3.2.45":
  version "3.2.47"
  resolved "https://registry.npmmirror.com/@vue/compiler-sfc/-/compiler-sfc-3.2.47.tgz#1bdc36f6cdc1643f72e2c397eb1a398f5004ad3d"
  integrity sha512-rog05W+2IFfxjMcFw10tM9+f7i/+FFpZJJ5XHX72NP9eC2uRD+42M3pYcQqDXVYoj74kHMSEdQ/WmCjt8JFksQ==
  dependencies:
    "@babel/parser" "^7.16.4"
    "@vue/compiler-core" "3.2.47"
    "@vue/compiler-dom" "3.2.47"
    "@vue/compiler-ssr" "3.2.47"
    "@vue/reactivity-transform" "3.2.47"
    "@vue/shared" "3.2.47"
    estree-walker "^2.0.2"
    magic-string "^0.25.7"
    postcss "^8.1.10"
    source-map "^0.6.1"

"@vue/compiler-ssr@3.2.47":
  version "3.2.47"
  resolved "https://registry.npmmirror.com/@vue/compiler-ssr/-/compiler-ssr-3.2.47.tgz#35872c01a273aac4d6070ab9d8da918ab13057ee"
  integrity sha512-wVXC+gszhulcMD8wpxMsqSOpvDZ6xKXSVWkf50Guf/S+28hTAXPDYRTbLQ3EDkOP5Xz/+SY37YiwDquKbJOgZw==
  dependencies:
    "@vue/compiler-dom" "3.2.47"
    "@vue/shared" "3.2.47"

"@vue/reactivity-transform@3.2.47":
  version "3.2.47"
  resolved "https://registry.npmmirror.com/@vue/reactivity-transform/-/reactivity-transform-3.2.47.tgz#e45df4d06370f8abf29081a16afd25cffba6d84e"
  integrity sha512-m8lGXw8rdnPVVIdIFhf0LeQ/ixyHkH5plYuS83yop5n7ggVJU+z5v0zecwEnX7fa7HNLBhh2qngJJkxpwEEmYA==
  dependencies:
    "@babel/parser" "^7.16.4"
    "@vue/compiler-core" "3.2.47"
    "@vue/shared" "3.2.47"
    estree-walker "^2.0.2"
    magic-string "^0.25.7"

"@vue/reactivity@3.2.47", "@vue/reactivity@^3.2.45":
  version "3.2.47"
  resolved "https://registry.npmmirror.com/@vue/reactivity/-/reactivity-3.2.47.tgz#1d6399074eadfc3ed35c727e2fd707d6881140b6"
  integrity sha512-7khqQ/75oyyg+N/e+iwV6lpy1f5wq759NdlS1fpAhFXa8VeAIKGgk2E/C4VF59lx5b+Ezs5fpp/5WsRYXQiKxQ==
  dependencies:
    "@vue/shared" "3.2.47"

"@vue/runtime-core@3.2.47":
  version "3.2.47"
  resolved "https://registry.npmmirror.com/@vue/runtime-core/-/runtime-core-3.2.47.tgz#406ebade3d5551c00fc6409bbc1eeb10f32e121d"
  integrity sha512-RZxbLQIRB/K0ev0K9FXhNbBzT32H9iRtYbaXb0ZIz2usLms/D55dJR2t6cIEUn6vyhS3ALNvNthI+Q95C+NOpA==
  dependencies:
    "@vue/reactivity" "3.2.47"
    "@vue/shared" "3.2.47"

"@vue/runtime-dom@3.2.47":
  version "3.2.47"
  resolved "https://registry.npmmirror.com/@vue/runtime-dom/-/runtime-dom-3.2.47.tgz#93e760eeaeab84dedfb7c3eaf3ed58d776299382"
  integrity sha512-ArXrFTjS6TsDei4qwNvgrdmHtD930KgSKGhS5M+j8QxXrDJYLqYw4RRcDy1bz1m1wMmb6j+zGLifdVHtkXA7gA==
  dependencies:
    "@vue/runtime-core" "3.2.47"
    "@vue/shared" "3.2.47"
    csstype "^2.6.8"

"@vue/server-renderer@3.2.47":
  version "3.2.47"
  resolved "https://registry.npmmirror.com/@vue/server-renderer/-/server-renderer-3.2.47.tgz#8aa1d1871fc4eb5a7851aa7f741f8f700e6de3c0"
  integrity sha512-dN9gc1i8EvmP9RCzvneONXsKfBRgqFeFZLurmHOveL7oH6HiFXJw5OGu294n1nHc/HMgTy6LulU/tv5/A7f/LA==
  dependencies:
    "@vue/compiler-ssr" "3.2.47"
    "@vue/shared" "3.2.47"

"@vue/shared@3.2.47", "@vue/shared@^3.2.45":
  version "3.2.47"
  resolved "https://registry.npmmirror.com/@vue/shared/-/shared-3.2.47.tgz#e597ef75086c6e896ff5478a6bfc0a7aa4bbd14c"
  integrity sha512-BHGyyGN3Q97EZx0taMQ+OLNuZcW3d37ZEVmEAyeoA9ERdGvm9Irc/0Fua8SNyOtV1w6BS4q25wbMzJujO9HIfQ==

balanced-match@^1.0.0:
  version "1.0.2"
  resolved "https://registry.npmmirror.com/balanced-match/-/balanced-match-1.0.2.tgz#e83e3a7e3f300b34cb9d87f615fa0cbf357690ee"
  integrity sha512-3oSeUO0TMV67hN1AmbXsK4yaqU7tjiHlbxRDZOpH0KW9+CeX4bRAaX0Anxt0tx2MrpRpWwQaPwIlISEJhYU5Pw==

better-scroll@^2.5.0:
  version "2.5.0"
  resolved "https://registry.npmmirror.com/better-scroll/-/better-scroll-2.5.0.tgz#7d7e1a22676caa0f6144e0c21c922598ef454b8d"
  integrity sha512-bD5qnESbZevn99wHr7DhqhyI5KPg3aJXBUirOd33Qh59Ldw0wurl0wEQveoN6e2O+MXpxQ3PZeu813HppHkm6Q==
  dependencies:
    "@better-scroll/core" "^2.5.0"
    "@better-scroll/indicators" "^2.5.0"
    "@better-scroll/infinity" "^2.5.0"
    "@better-scroll/mouse-wheel" "^2.5.0"
    "@better-scroll/movable" "^2.5.0"
    "@better-scroll/nested-scroll" "^2.5.0"
    "@better-scroll/observe-dom" "^2.5.0"
    "@better-scroll/observe-image" "^2.5.0"
    "@better-scroll/pull-down" "^2.5.0"
    "@better-scroll/pull-up" "^2.5.0"
    "@better-scroll/scroll-bar" "^2.5.0"
    "@better-scroll/slide" "^2.5.0"
    "@better-scroll/wheel" "^2.5.0"
    "@better-scroll/zoom" "^2.5.0"

brace-expansion@^1.1.7:
  version "1.1.11"
  resolved "https://registry.npmmirror.com/brace-expansion/-/brace-expansion-1.1.11.tgz#3c7fcbf529d87226f3d2f52b966ff5271eb441dd"
  integrity sha512-iCuPHDFgrHX7H2vEI/5xpz07zSHB00TpugqhmYtVmMO6518mCuRMoOYFldEBl0g187ufozdaHgWKcYFb61qGiA==
  dependencies:
    balanced-match "^1.0.0"
    concat-map "0.0.1"

brace-expansion@^2.0.1:
  version "2.0.1"
  resolved "https://registry.npmmirror.com/brace-expansion/-/brace-expansion-2.0.1.tgz#1edc459e0f0c548486ecf9fc99f2221364b9a0ae"
  integrity sha512-XnAIvQ8eM+kC6aULx6wuQiwVsnzsi9d3WxzV3FpWTGA19F621kwdbsAcFKXgKUHZWsy+mY6iL1sHTxWEFCytDA==
  dependencies:
    balanced-match "^1.0.0"

braces@^3.0.2:
  version "3.0.2"
  resolved "https://registry.npmmirror.com/braces/-/braces-3.0.2.tgz#3454e1a462ee8d599e236df336cd9ea4f8afe107"
  integrity sha512-b8um+L1RzM3WDSzvhm6gIz1yfTbBt6YTlcEKAvsmqCZZFw46z626lVj9j1yEPW33H5H+lBQpZMP1k8l+78Ha0A==
  dependencies:
    fill-range "^7.0.1"

builtin-modules@^3.3.0:
  version "3.3.0"
  resolved "https://registry.npmmirror.com/builtin-modules/-/builtin-modules-3.3.0.tgz#cae62812b89801e9656336e46223e030386be7b6"
  integrity sha512-zhaCDicdLuWN5UbN5IMnFqNMhNfo919sH85y2/ea+5Yg9TsTkeZxpL+JLbp6cgYFS4sRLp3YV4S6yDuqVWHYOw==

commondir@^1.0.1:
  version "1.0.1"
  resolved "https://registry.npmmirror.com/commondir/-/commondir-1.0.1.tgz#ddd800da0c66127393cca5950ea968a3aaf1253b"
  integrity sha512-W9pAhw0ja1Edb5GVdIF1mjZw/ASI0AlShXM83UUGe2DVr5TdAPEA1OA8m/g8zWp9x6On7gqufY+FatDbC3MDQg==

concat-map@0.0.1:
  version "0.0.1"
  resolved "https://registry.npmmirror.com/concat-map/-/concat-map-0.0.1.tgz#d8a96bd77fd68df7793a73036a3ba0d5405d477b"
  integrity sha512-/Srv4dswyQNBfohGpz9o6Yb3Gz3SrUDqBH5rTuhGR7ahtlbYKnVxw2bCFMRljaA7EXHaXZ8wsHdodFvbkhKmqg==

csstype@^2.6.8:
  version "2.6.21"
  resolved "https://registry.npmmirror.com/csstype/-/csstype-2.6.21.tgz#2efb85b7cc55c80017c66a5ad7cbd931fda3a90e"
  integrity sha512-Z1PhmomIfypOpoMjRQB70jfvy/wxT50qW08YXO5lMIJkrdq4yOTR+AW7FqutScmB9NkLwxo+jU+kZLbofZZq/w==

de-indent@^1.0.2:
  version "1.0.2"
  resolved "https://registry.npmmirror.com/de-indent/-/de-indent-1.0.2.tgz#b2038e846dc33baa5796128d0804b455b8c1e21d"
  integrity sha512-e/1zu3xH5MQryN2zdVaF0OrdNLUbvWxzMbi+iNA6Bky7l1RoP8a2fIbRocyHclXt/arDrrR6lL3TqFD9pMQTsg==

debug@^4.3.2:
  version "4.3.4"
  resolved "https://registry.npmmirror.com/debug/-/debug-4.3.4.tgz#1319f6579357f2338d3337d2cdd4914bb5dcc865"
  integrity sha512-PRWFHuSU3eDtQJPvnNY7Jcket1j0t5OuOsFzPPzsekD52Zl8qUfFIPEiswXqIvHWGVHOgX+7G/vCNNhehwxfkQ==
  dependencies:
    ms "2.1.2"

deepmerge@^4.2.2:
  version "4.3.0"
  resolved "https://registry.npmmirror.com/deepmerge/-/deepmerge-4.3.0.tgz#65491893ec47756d44719ae520e0e2609233b59b"
  integrity sha512-z2wJZXrmeHdvYJp/Ux55wIjqo81G5Bp4c+oELTW+7ar6SogWHajt5a9gO3s3IDaGSAXjDk0vlQKN3rms8ab3og==

esbuild@^0.16.14:
  version "0.16.17"
  resolved "https://registry.npmmirror.com/esbuild/-/esbuild-0.16.17.tgz#fc2c3914c57ee750635fee71b89f615f25065259"
  integrity sha512-G8LEkV0XzDMNwXKgM0Jwu3nY3lSTwSGY6XbxM9cr9+s0T/qSV1q1JVPBGzm3dcjhCic9+emZDmMffkwgPeOeLg==
  optionalDependencies:
    "@esbuild/android-arm" "0.16.17"
    "@esbuild/android-arm64" "0.16.17"
    "@esbuild/android-x64" "0.16.17"
    "@esbuild/darwin-arm64" "0.16.17"
    "@esbuild/darwin-x64" "0.16.17"
    "@esbuild/freebsd-arm64" "0.16.17"
    "@esbuild/freebsd-x64" "0.16.17"
    "@esbuild/linux-arm" "0.16.17"
    "@esbuild/linux-arm64" "0.16.17"
    "@esbuild/linux-ia32" "0.16.17"
    "@esbuild/linux-loong64" "0.16.17"
    "@esbuild/linux-mips64el" "0.16.17"
    "@esbuild/linux-ppc64" "0.16.17"
    "@esbuild/linux-riscv64" "0.16.17"
    "@esbuild/linux-s390x" "0.16.17"
    "@esbuild/linux-x64" "0.16.17"
    "@esbuild/netbsd-x64" "0.16.17"
    "@esbuild/openbsd-x64" "0.16.17"
    "@esbuild/sunos-x64" "0.16.17"
    "@esbuild/win32-arm64" "0.16.17"
    "@esbuild/win32-ia32" "0.16.17"
    "@esbuild/win32-x64" "0.16.17"

estree-walker@^2.0.1, estree-walker@^2.0.2:
  version "2.0.2"
  resolved "https://registry.npmmirror.com/estree-walker/-/estree-walker-2.0.2.tgz#52f010178c2a4c117a7757cfe942adb7d2da4cac"
  integrity sha512-Rfkk/Mp/DL7JVje3u18FxFujQlTNR2q6QfMSMB7AvCBx91NGj/ba3kCfza0f6dVDbw7YlRf/nDrn7pQrCCyQ/w==

fast-glob@^3.2.12:
  version "3.2.12"
  resolved "https://registry.npmmirror.com/fast-glob/-/fast-glob-3.2.12.tgz#7f39ec99c2e6ab030337142da9e0c18f37afae80"
  integrity sha512-DVj4CQIYYow0BlaelwK1pHl5n5cRSJfM60UA0zK891sVInoPri2Ekj7+e1CT3/3qxXenpI+nBBmQAcJPJgaj4w==
  dependencies:
    "@nodelib/fs.stat" "^2.0.2"
    "@nodelib/fs.walk" "^1.2.3"
    glob-parent "^5.1.2"
    merge2 "^1.3.0"
    micromatch "^4.0.4"

fastq@^1.6.0:
  version "1.15.0"
  resolved "https://registry.npmmirror.com/fastq/-/fastq-1.15.0.tgz#d04d07c6a2a68fe4599fea8d2e103a937fae6b3a"
  integrity sha512-wBrocU2LCXXa+lWBt8RoIRD89Fi8OdABODa/kEnyeyjS5aZO5/GNvI5sEINADqP/h8M29UHTHUb53sUu5Ihqdw==
  dependencies:
    reusify "^1.0.4"

fill-range@^7.0.1:
  version "7.0.1"
  resolved "https://registry.npmmirror.com/fill-range/-/fill-range-7.0.1.tgz#1919a6a7c75fe38b2c7c77e5198535da9acdda40"
  integrity sha512-qOo9F+dMUmC2Lcb4BbVvnKJxTPjCm+RRpe4gDuGrzkL7mEVl/djYSu2OdQ2Pa302N4oqkSg9ir6jaLWJ2USVpQ==
  dependencies:
    to-regex-range "^5.0.1"

find-cache-dir@^3.3.2:
  version "3.3.2"
  resolved "https://registry.npmmirror.com/find-cache-dir/-/find-cache-dir-3.3.2.tgz#b30c5b6eff0730731aea9bbd9dbecbd80256d64b"
  integrity sha512-wXZV5emFEjrridIgED11OoUKLxiYjAcqot/NJdAkOhlJ+vGzwhOAfcG5OX1jP+S0PcjEn8bdMJv+g2jwQ3Onig==
  dependencies:
    commondir "^1.0.1"
    make-dir "^3.0.2"
    pkg-dir "^4.1.0"

find-up@^4.0.0:
  version "4.1.0"
  resolved "https://registry.npmmirror.com/find-up/-/find-up-4.1.0.tgz#97afe7d6cdc0bc5928584b7c8d7b16e8a9aa5d19"
  integrity sha512-PpOwAdQ/YlXQ2vj8a3h8IipDuYRi3wceVQQGYWxNINccq40Anw7BlsEXCMbt1Zt+OLA6Fq9suIpIWD0OsnISlw==
  dependencies:
    locate-path "^5.0.0"
    path-exists "^4.0.0"

fs-extra@^10.0.0:
  version "10.1.0"
  resolved "https://registry.npmmirror.com/fs-extra/-/fs-extra-10.1.0.tgz#02873cfbc4084dde127eaa5f9905eef2325d1abf"
  integrity sha512-oRXApq54ETRj4eMiFzGnHWGy+zo5raudjuxN0b8H7s/RU2oW0Wvsx9O0ACRN/kRq9E8Vu/ReskGB5o3ji+FzHQ==
  dependencies:
    graceful-fs "^4.2.0"
    jsonfile "^6.0.1"
    universalify "^2.0.0"

fs.realpath@^1.0.0:
  version "1.0.0"
  resolved "https://registry.npmmirror.com/fs.realpath/-/fs.realpath-1.0.0.tgz#1504ad2523158caa40db4a2787cb01411994ea4f"
  integrity sha512-OO0pH2lK6a0hZnAdau5ItzHPI6pUlvI7jMVnxUQRtw4owF2wk8lOSabtGDCTP4Ggrg2MbGnWO9X8K1t4+fGMDw==

fsevents@~2.3.2:
  version "2.3.2"
  resolved "https://registry.npmmirror.com/fsevents/-/fsevents-2.3.2.tgz#8a526f78b8fdf4623b709e0b975c52c24c02fd1a"
  integrity sha512-xiqMQR4xAeHTuB9uWm+fFRcIOgKBMiOBP+eXiyT7jsgVCq1bkVygt00oASowB7EdtpOHaaPgKt812P9ab+DDKA==

function-bind@^1.1.1:
  version "1.1.1"
  resolved "https://registry.npmmirror.com/function-bind/-/function-bind-1.1.1.tgz#a56899d3ea3c9bab874bb9773b7c5ede92f4895d"
  integrity sha512-yIovAzMX49sF8Yl58fSCWJ5svSLuaibPxXQJFLmBObTuCr0Mf1KiPopGM9NiFjiYBCbfaa2Fh6breQ6ANVTI0A==

glob-parent@^5.1.2:
  version "5.1.2"
  resolved "https://registry.npmmirror.com/glob-parent/-/glob-parent-5.1.2.tgz#869832c58034fe68a4093c17dc15e8340d8401c4"
  integrity sha512-AOIgSQCepiJYwP3ARnGx+5VnTu2HBYdzbGP45eLw1vr3zB3vZLeyed1sC9hnbcOc9/SrMyM5RPQrkGz4aS9Zow==
  dependencies:
    is-glob "^4.0.1"

glob@^7.1.6:
  version "7.2.3"
  resolved "https://registry.npmmirror.com/glob/-/glob-7.2.3.tgz#b8df0fb802bbfa8e89bd1d938b4e16578ed44f2b"
  integrity sha512-nFR0zLpU2YCaRxwoCJvL6UvCH2JFyFVIvwTLsIf21AuHlMskA1hhTdk+LlYJtOlYt9v6dvszD2BGRqBL+iQK9Q==
  dependencies:
    fs.realpath "^1.0.0"
    inflight "^1.0.4"
    inherits "2"
    minimatch "^3.1.1"
    once "^1.3.0"
    path-is-absolute "^1.0.0"

graceful-fs@^4.1.6, graceful-fs@^4.2.0:
  version "4.2.10"
  resolved "https://registry.npmmirror.com/graceful-fs/-/graceful-fs-4.2.10.tgz#147d3a006da4ca3ce14728c7aefc287c367d7a6c"
  integrity sha512-9ByhssR2fPVsNZj478qUUbKfmL0+t5BDVyjShtyZZLiK7ZDAArFFfopyOTj0M05wE2tJPisA4iTnnXl2YoPvOA==

has@^1.0.3:
  version "1.0.3"
  resolved "https://registry.npmmirror.com/has/-/has-1.0.3.tgz#722d7cbfc1f6aa8241f16dd814e011e1f41e8796"
  integrity sha512-f2dvO0VU6Oej7RkWJGrehjbzMAjFp5/VKPp5tTpWIV4JHHZK1/BxbFRtf/siA2SWTe09caDmVtYYzWEIbBS4zw==
  dependencies:
    function-bind "^1.1.1"

he@^1.2.0:
  version "1.2.0"
  resolved "https://registry.npmmirror.com/he/-/he-1.2.0.tgz#84ae65fa7eafb165fddb61566ae14baf05664f0f"
  integrity sha512-F/1DnUGPopORZi0ni+CvrCgHQ5FyEAHRLSApuYWMmrbSwoN2Mn/7k+Gl38gJnR7yyDZk6WLXwiGod1JOWNDKGw==

inflight@^1.0.4:
  version "1.0.6"
  resolved "https://registry.npmmirror.com/inflight/-/inflight-1.0.6.tgz#49bd6331d7d02d0c09bc910a1075ba8165b56df9"
  integrity sha512-k92I/b08q4wvFscXCLvqfsHCrjrF7yiXsQuIVvVE7N82W3+aqpzuUdBbfhWcy/FZR3/4IgflMgKLOsvPDrGCJA==
  dependencies:
    once "^1.3.0"
    wrappy "1"

inherits@2:
  version "2.0.4"
  resolved "https://registry.npmmirror.com/inherits/-/inherits-2.0.4.tgz#0fa2c64f932917c3433a0ded55363aae37416b7c"
  integrity sha512-k/vGaX4/Yla3WzyMCvTQOXYeIHvqOKtnqBduzTHpzpQZzAskKMhZ2K+EnBiSM9zGSoIFeMpXKxa4dYeZIQqewQ==

is-builtin-module@^3.2.0:
  version "3.2.1"
  resolved "https://registry.npmmirror.com/is-builtin-module/-/is-builtin-module-3.2.1.tgz#f03271717d8654cfcaf07ab0463faa3571581169"
  integrity sha512-BSLE3HnV2syZ0FK0iMA/yUGplUeMmNz4AW5fnTunbCIqZi4vG3WjJT9FHMy5D69xmAYBHXQhJdALdpwVxV501A==
  dependencies:
    builtin-modules "^3.3.0"

is-core-module@^2.9.0:
  version "2.11.0"
  resolved "https://registry.npmmirror.com/is-core-module/-/is-core-module-2.11.0.tgz#ad4cb3e3863e814523c96f3f58d26cc570ff0144"
  integrity sha512-RRjxlvLDkD1YJwDbroBHMb+cukurkDWNyHx7D3oNB5x9rb5ogcksMC5wHCadcXoo67gVr/+3GFySh3134zi6rw==
  dependencies:
    has "^1.0.3"

is-extglob@^2.1.1:
  version "2.1.1"
  resolved "https://registry.npmmirror.com/is-extglob/-/is-extglob-2.1.1.tgz#a88c02535791f02ed37c76a1b9ea9773c833f8c2"
  integrity sha512-SbKbANkN603Vi4jEZv49LeVJMn4yGwsbzZworEoyEiutsN3nJYdbO36zfhGJ6QEDpOZIFkDtnq5JRxmvl3jsoQ==

is-glob@^4.0.1:
  version "4.0.3"
  resolved "https://registry.npmmirror.com/is-glob/-/is-glob-4.0.3.tgz#64f61e42cbbb2eec2071a9dac0b28ba1e65d5084"
  integrity sha512-xelSayHH36ZgE7ZWhli7pW34hNbNl8Ojv5KVmkJD4hBdD3th8Tfk9vYasLM+mXWOZhFkgZfxhLSnrwRr4elSSg==
  dependencies:
    is-extglob "^2.1.1"

is-module@^1.0.0:
  version "1.0.0"
  resolved "https://registry.npmmirror.com/is-module/-/is-module-1.0.0.tgz#3258fb69f78c14d5b815d664336b4cffb6441591"
  integrity sha512-51ypPSPCoTEIN9dy5Oy+h4pShgJmPCygKfyRCISBI+JoWT/2oJvK8QPxmwv7b/p239jXrm9M1mlQbyKJ5A152g==

is-number@^7.0.0:
  version "7.0.0"
  resolved "https://registry.npmmirror.com/is-number/-/is-number-7.0.0.tgz#7535345b896734d5f80c4d06c50955527a14f12b"
  integrity sha512-41Cifkg6e8TylSpdtTpeLVMqvSBEVzTttHvERD741+pnZ8ANv0004MRL43QKPDlK9cGvNp6NZWZUBlbGXYxxng==

jsonfile@^6.0.1:
  version "6.1.0"
  resolved "https://registry.npmmirror.com/jsonfile/-/jsonfile-6.1.0.tgz#bc55b2634793c679ec6403094eb13698a6ec0aae"
  integrity sha512-5dgndWOriYSm5cnYaJNhalLNDKOqFwyDB/rr1E9ZsGciGvKPs8R2xYGCacuf3z6K1YKDz182fd+fY3cn3pMqXQ==
  dependencies:
    universalify "^2.0.0"
  optionalDependencies:
    graceful-fs "^4.1.6"

klona@^2.0.5:
  version "2.0.6"
  resolved "https://registry.npmmirror.com/klona/-/klona-2.0.6.tgz#85bffbf819c03b2f53270412420a4555ef882e22"
  integrity sha512-dhG34DXATL5hSxJbIexCft8FChFXtmskoZYnoPWjXQuebWYCNkVeV3KkGegCK9CP1oswI/vQibS2GY7Em/sJJA==

locate-path@^5.0.0:
  version "5.0.0"
  resolved "https://registry.npmmirror.com/locate-path/-/locate-path-5.0.0.tgz#1afba396afd676a6d42504d0a67a3a7eb9f62aa0"
  integrity sha512-t7hw9pI+WvuwNJXwk5zVHpyhIqzg2qTlklJOf0mVxGSbe3Fp2VieZcduNYjaLDoy6p9uGpQEGWG87WpMKlNq8g==
  dependencies:
    p-locate "^4.1.0"

lru-cache@^6.0.0:
  version "6.0.0"
  resolved "https://registry.npmmirror.com/lru-cache/-/lru-cache-6.0.0.tgz#6d6fe6570ebd96aaf90fcad1dafa3b2566db3a94"
  integrity sha512-Jo6dJ04CmSjuznwJSS3pUeWmd/H0ffTlkXXgwZi+eq1UCmqQwCh+eLsYOYCwY991i2Fah4h1BEMCx4qThGbsiA==
  dependencies:
    yallist "^4.0.0"

magic-string@^0.25.7:
  version "0.25.9"
  resolved "https://registry.npmmirror.com/magic-string/-/magic-string-0.25.9.tgz#de7f9faf91ef8a1c91d02c2e5314c8277dbcdd1c"
  integrity sha512-RmF0AsMzgt25qzqqLc1+MbHmhdx0ojF2Fvs4XnOqz2ZOBXzzkEwc/dJQZCYHAn7v1jbVOjAZfK8msRn4BxO4VQ==
  dependencies:
    sourcemap-codec "^1.4.8"

make-dir@^3.0.2:
  version "3.1.0"
  resolved "https://registry.npmmirror.com/make-dir/-/make-dir-3.1.0.tgz#415e967046b3a7f1d185277d84aa58203726a13f"
  integrity sha512-g3FeP20LNwhALb/6Cz6Dd4F2ngze0jz7tbzrD2wAV+o9FeNHe4rL+yK2md0J/fiSf1sa1ADhXqi5+oVwOM/eGw==
  dependencies:
    semver "^6.0.0"

merge2@^1.3.0:
  version "1.4.1"
  resolved "https://registry.npmmirror.com/merge2/-/merge2-1.4.1.tgz#4368892f885e907455a6fd7dc55c0c9d404990ae"
  integrity sha512-8q7VEgMJW4J8tcfVPy8g09NcQwZdbwFEqhe/WZkoIzjn/3TGDwtOCYtXGxA3O8tPzpczCCDgv+P2P5y00ZJOOg==

micromatch@^4.0.4:
  version "4.0.5"
  resolved "https://registry.npmmirror.com/micromatch/-/micromatch-4.0.5.tgz#bc8999a7cbbf77cdc89f132f6e467051b49090c6"
  integrity sha512-DMy+ERcEW2q8Z2Po+WNXuw3c5YaUSFjAO5GsJqfEl7UjvtIuFKO6ZrKvcItdy98dwFI2N1tg3zNIdKaQT+aNdA==
  dependencies:
    braces "^3.0.2"
    picomatch "^2.3.1"

minimatch@^3.1.1:
  version "3.1.2"
  resolved "https://registry.npmmirror.com/minimatch/-/minimatch-3.1.2.tgz#19cd194bfd3e428f049a70817c038d89ab4be35b"
  integrity sha512-J7p63hRiAjw1NDEww1W7i37+ByIrOWO5XQQAzZ3VOcL0PNybwpfmV/N05zFAzwQ9USyEcX6t3UO+K5aqBQOIHw==
  dependencies:
    brace-expansion "^1.1.7"

minimatch@^5.1.1:
  version "5.1.6"
  resolved "https://registry.npmmirror.com/minimatch/-/minimatch-5.1.6.tgz#1cfcb8cf5522ea69952cd2af95ae09477f122a96"
  integrity sha512-lKwV/1brpG6mBUFHtb7NUmtABCb2WZZmm2wNiOA5hAb8VdCS4B3dtMWyvcoViccwAW/COERjXLt0zP1zXUN26g==
  dependencies:
    brace-expansion "^2.0.1"

ms@2.1.2:
  version "2.1.2"
  resolved "https://registry.npmmirror.com/ms/-/ms-2.1.2.tgz#d09d1f357b443f493382a8eb3ccd183872ae6009"
  integrity sha512-sGkPx+VjMtmA6MX27oA4FBFELFCZZ4S4XqeGOXCv68tT+jb3vk/RyaKWP0PTKyWtmLSM0b+adUTEvbs1PEaH2w==

muggle-string@^0.1.0:
  version "0.1.0"
  resolved "https://registry.npmmirror.com/muggle-string/-/muggle-string-0.1.0.tgz#1fda8a281c8b27bb8b70466dbc9f27586a8baa6c"
  integrity sha512-Tr1knR3d2mKvvWthlk7202rywKbiOm4rVFLsfAaSIhJ6dt9o47W4S+JMtWhd/PW9Wrdew2/S2fSvhz3E2gkfEg==

nanoid@^3.3.4:
  version "3.3.4"
  resolved "https://registry.npmmirror.com/nanoid/-/nanoid-3.3.4.tgz#730b67e3cd09e2deacf03c027c81c9d9dbc5e8ab"
  integrity sha512-MqBkQh/OHTS2egovRtLk45wEyNXwF+cokD+1YPf9u5VfJiRdAiRwB2froX5Co9Rh20xs4siNPm8naNotSD6RBw==

normalize-path@^3.0.0:
  version "3.0.0"
  resolved "https://registry.npmmirror.com/normalize-path/-/normalize-path-3.0.0.tgz#0dcd69ff23a1c9b11fd0978316644a0388216a65"
  integrity sha512-6eZs5Ls3WtCisHWp9S2GUy8dqkpGi4BVSz3GaqiE6ezub0512ESztXUwUB6C6IKbQkY2Pnb/mD4WYojCRwcwLA==

once@^1.3.0:
  version "1.4.0"
  resolved "https://registry.npmmirror.com/once/-/once-1.4.0.tgz#583b1aa775961d4b113ac17d9c50baef9dd76bd1"
  integrity sha512-lNaJgI+2Q5URQBkccEKHTQOPaXdUxnZZElQTZY0MFUAuaEqe1E+Nyvgdz/aIyNi6Z9MzO5dv1H8n58/GELp3+w==
  dependencies:
    wrappy "1"

p-limit@^2.2.0:
  version "2.3.0"
  resolved "https://registry.npmmirror.com/p-limit/-/p-limit-2.3.0.tgz#3dd33c647a214fdfffd835933eb086da0dc21db1"
  integrity sha512-//88mFWSJx8lxCzwdAABTJL2MyWB12+eIY7MDL2SqLmAkeKU9qxRvWuSyTjm3FUmpBEMuFfckAIqEaVGUDxb6w==
  dependencies:
    p-try "^2.0.0"

p-locate@^4.1.0:
  version "4.1.0"
  resolved "https://registry.npmmirror.com/p-locate/-/p-locate-4.1.0.tgz#a3428bb7088b3a60292f66919278b7c297ad4f07"
  integrity sha512-R79ZZ/0wAxKGu3oYMlz8jy/kbhsNrS7SKZ7PxEHBgJ5+F2mtFW2fK2cOtBh1cHYkQsbzFV7I+EoRKe6Yt0oK7A==
  dependencies:
    p-limit "^2.2.0"

p-try@^2.0.0:
  version "2.2.0"
  resolved "https://registry.npmmirror.com/p-try/-/p-try-2.2.0.tgz#cb2868540e313d61de58fafbe35ce9004d5540e6"
  integrity sha512-R4nPAVTAU0B9D35/Gk3uJf/7XYbQcyohSKdvAxIRSNghFl4e71hVoGnBNQz9cWaXxO2I10KTC+3jMdvvoKw6dQ==

path-exists@^4.0.0:
  version "4.0.0"
  resolved "https://registry.npmmirror.com/path-exists/-/path-exists-4.0.0.tgz#513bdbe2d3b95d7762e8c1137efa195c6c61b5b3"
  integrity sha512-ak9Qy5Q7jYb2Wwcey5Fpvg2KoAc/ZIhLSLOSBmRmygPsGwkVVt0fZa0qrtMz+m6tJTAHfZQ8FnmB4MG4LWy7/w==

path-is-absolute@^1.0.0:
  version "1.0.1"
  resolved "https://registry.npmmirror.com/path-is-absolute/-/path-is-absolute-1.0.1.tgz#174b9268735534ffbc7ace6bf53a5a9e1b5c5f5f"
  integrity sha512-AVbw3UJ2e9bq64vSaS9Am0fje1Pa8pbGqTTsmXfaIiMpnr5DlDhfJOuLj9Sf95ZPVDAUerDfEk88MPmPe7UCQg==

path-parse@^1.0.7:
  version "1.0.7"
  resolved "https://registry.npmmirror.com/path-parse/-/path-parse-1.0.7.tgz#fbc114b60ca42b30d9daf5858e4bd68bbedb6735"
  integrity sha512-LDJzPVEEEPR+y48z93A0Ed0yXb8pAByGWo/k5YYdYgpY2/2EsOsksJrq7lOHxryrVOn1ejG6oAp8ahvOIQD8sw==

picocolors@^1.0.0:
  version "1.0.0"
  resolved "https://registry.npmmirror.com/picocolors/-/picocolors-1.0.0.tgz#cb5bdc74ff3f51892236eaf79d68bc44564ab81c"
  integrity sha512-1fygroTLlHu66zi26VoTDv8yRgm0Fccecssto+MhsZ0D/DGW2sm8E8AjW7NU5VVTRt5GxbeZ5qBuJr+HyLYkjQ==

picomatch@^2.2.2, picomatch@^2.3.1:
  version "2.3.1"
  resolved "https://registry.npmmirror.com/picomatch/-/picomatch-2.3.1.tgz#3ba3833733646d9d3e4995946c1365a67fb07a42"
  integrity sha512-JU3teHTNjmE2VCGFzuY8EXzCDVwEqB2a8fsIvwaStHhAWJEeVd1o1QD80CU6+ZdEXXSLbSsuLwJjkCBWqRQUVA==

pkg-dir@^4.1.0:
  version "4.2.0"
  resolved "https://registry.npmmirror.com/pkg-dir/-/pkg-dir-4.2.0.tgz#f099133df7ede422e81d1d8448270eeb3e4261f3"
  integrity sha512-HRDzbaKjC+AOWVXxAU/x54COGeIv9eb+6CkDSQoNTt4XyWoIJvuPsXizxu/Fr23EiekbtZwmh1IcIG/l/a10GQ==
  dependencies:
    find-up "^4.0.0"

postcss@^8.1.10, postcss@^8.4.21:
  version "8.4.21"
  resolved "https://registry.npmmirror.com/postcss/-/postcss-8.4.21.tgz#c639b719a57efc3187b13a1d765675485f4134f4"
  integrity sha512-tP7u/Sn/dVxK2NnruI4H9BG+x+Wxz6oeZ1cJ8P6G/PZY0IKk4k/63TDsQf2kQq3+qoJeLm2kIBUNlZe3zgb4Zg==
  dependencies:
    nanoid "^3.3.4"
    picocolors "^1.0.0"
    source-map-js "^1.0.2"

queue-microtask@^1.2.2:
  version "1.2.3"
  resolved "https://registry.npmmirror.com/queue-microtask/-/queue-microtask-1.2.3.tgz#4929228bbc724dfac43e0efb058caf7b6cfb6243"
  integrity sha512-NuaNSa6flKT5JaSYQzJok04JzTL1CA6aGhv5rfLW3PgqA+M2ChpZQnAC8h8i4ZFkBS8X5RqkDBHA7r4hej3K9A==

resolve@^1.22.1:
  version "1.22.1"
  resolved "https://registry.npmmirror.com/resolve/-/resolve-1.22.1.tgz#27cb2ebb53f91abb49470a928bba7558066ac177"
  integrity sha512-nBpuuYuY5jFsli/JIs1oldw6fOQCBioohqWZg/2hiaOybXOft4lonv85uDOKXdf8rhyK159cxU5cDcK/NKk8zw==
  dependencies:
    is-core-module "^2.9.0"
    path-parse "^1.0.7"
    supports-preserve-symlinks-flag "^1.0.0"

reusify@^1.0.4:
  version "1.0.4"
  resolved "https://registry.npmmirror.com/reusify/-/reusify-1.0.4.tgz#90da382b1e126efc02146e90845a88db12925d76"
  integrity sha512-U9nH88a3fc/ekCF1l0/UP1IosiuIjyTh7hBvXVMHYgVcfGvt897Xguj2UOLDeI5BG2m7/uwyaLVT6fbtCwTyzw==

rollup-plugin-typescript2@^0.34.1:
  version "0.34.1"
  resolved "https://registry.npmmirror.com/rollup-plugin-typescript2/-/rollup-plugin-typescript2-0.34.1.tgz#c457f155a71d133c142689213fce78694e30d0be"
  integrity sha512-P4cHLtGikESmqi1CA+tdMDUv8WbQV48mzPYt77TSTOPJpERyZ9TXdDgjSDix8Fkqce6soYz3+fa4lrC93IEkcw==
  dependencies:
    "@rollup/pluginutils" "^4.1.2"
    find-cache-dir "^3.3.2"
    fs-extra "^10.0.0"
    semver "^7.3.7"
    tslib "^2.4.0"

rollup@^3.10.0:
  version "3.14.0"
  resolved "https://registry.npmmirror.com/rollup/-/rollup-3.14.0.tgz#f5925255f3b6e8de1dba3916d7619c7da5708d95"
  integrity sha512-o23sdgCLcLSe3zIplT9nQ1+r97okuaiR+vmAPZPTDYB7/f3tgWIYNyiQveMsZwshBT0is4eGax/HH83Q7CG+/Q==
  optionalDependencies:
    fsevents "~2.3.2"

run-parallel@^1.1.9:
  version "1.2.0"
  resolved "https://registry.npmmirror.com/run-parallel/-/run-parallel-1.2.0.tgz#66d1368da7bdf921eb9d95bd1a9229e7f21a43ee"
  integrity sha512-5l4VyZR86LZ/lDxZTR6jqL8AFE2S0IFLMP26AbjsLVADxHdhB/c0GUsH+y39UfCi3dzz8OlQuPmnaJOMoDHQBA==
  dependencies:
    queue-microtask "^1.2.2"

sax@~1.2.4:
  version "1.2.4"
  resolved "https://registry.npmmirror.com/sax/-/sax-1.2.4.tgz#2816234e2378bddc4e5354fab5caa895df7100d9"
  integrity sha512-NqVDv9TpANUjFm0N8uM5GxL36UgKi9/atZw+x7YFnQ8ckwFGKrl4xX4yWtrey3UJm5nP1kUbnYgLopqWNSRhWw==

semver@^6.0.0:
  version "6.3.0"
  resolved "https://registry.npmmirror.com/semver/-/semver-6.3.0.tgz#ee0a64c8af5e8ceea67687b133761e1becbd1d3d"
  integrity sha512-b39TBaTSfV6yBrapU89p5fKekE2m/NwnDocOVruQFS1/veMgdzuPcnOM34M6CwxW8jH/lxEa5rBoDeUwu5HHTw==

semver@^7.3.7:
  version "7.3.8"
  resolved "https://registry.npmmirror.com/semver/-/semver-7.3.8.tgz#07a78feafb3f7b32347d725e33de7e2a2df67798"
  integrity sha512-NB1ctGL5rlHrPJtFDVIVzTyQylMLu9N9VICA6HSFJo8MCGVTMW6gfpicwKmmK/dAjTOrqu5l63JJOpDSrAis3A==
  dependencies:
    lru-cache "^6.0.0"

source-map-js@^1.0.2:
  version "1.0.2"
  resolved "https://registry.npmmirror.com/source-map-js/-/source-map-js-1.0.2.tgz#adbc361d9c62df380125e7f161f71c826f1e490c"
  integrity sha512-R0XvVJ9WusLiqTCEiGCmICCMplcCkIwwR11mOSD9CR5u+IXYdiseeEuXCVAjS54zqwkLcPNnmU4OeJ6tUrWhDw==

source-map@^0.6.1:
  version "0.6.1"
  resolved "https://registry.npmmirror.com/source-map/-/source-map-0.6.1.tgz#74722af32e9614e9c287a8d0bbde48b5e2f1a263"
  integrity sha512-UjgapumWlbMhkBgzT7Ykc5YXUT46F0iKu8SGXq0bcwP5dz/h0Plj6enJqjz1Zbq2l5WaqYnrVbwWOWMyF3F47g==

source-map@^0.7.3:
  version "0.7.4"
  resolved "https://registry.npmmirror.com/source-map/-/source-map-0.7.4.tgz#a9bbe705c9d8846f4e08ff6765acf0f1b0898656"
  integrity sha512-l3BikUxvPOcn5E74dZiq5BGsTb5yEwhaTSzccU6t4sDOH8NWJCstKO5QT2CvtFoK6F0saL7p9xHAqHOlCPJygA==

sourcemap-codec@^1.4.8:
  version "1.4.8"
  resolved "https://registry.npmmirror.com/sourcemap-codec/-/sourcemap-codec-1.4.8.tgz#ea804bd94857402e6992d05a38ef1ae35a9ab4c4"
  integrity sha512-9NykojV5Uih4lgo5So5dtw+f0JgJX30KCNI8gwhz2J9A15wD0Ml6tjHKwf6fTSa6fAdVBdZeNOs9eJ71qCk8vA==

stylus-loader@^7.1.0:
  version "7.1.0"
  resolved "https://registry.npmmirror.com/stylus-loader/-/stylus-loader-7.1.0.tgz#19e09a98b19075c246e6e3f65e38b8cb89d2d6fb"
  integrity sha512-gNUEjjozR+oZ8cuC/Fx4LVXqZOgDKvpW9t2hpXHcxjfPYqSjQftaGwZUK+wL9B0QJ26uS6p1EmoWHmvld1dF7g==
  dependencies:
    fast-glob "^3.2.12"
    klona "^2.0.5"
    normalize-path "^3.0.0"

stylus@^0.59.0:
  version "0.59.0"
  resolved "https://registry.npmmirror.com/stylus/-/stylus-0.59.0.tgz#a344d5932787142a141946536d6e24e6a6be7aa6"
  integrity sha512-lQ9w/XIOH5ZHVNuNbWW8D822r+/wBSO/d6XvtyHLF7LW4KaCIDeVbvn5DF8fGCJAUCwVhVi/h6J0NUcnylUEjg==
  dependencies:
    "@adobe/css-tools" "^4.0.1"
    debug "^4.3.2"
    glob "^7.1.6"
    sax "~1.2.4"
    source-map "^0.7.3"

supports-preserve-symlinks-flag@^1.0.0:
  version "1.0.0"
  resolved "https://registry.npmmirror.com/supports-preserve-symlinks-flag/-/supports-preserve-symlinks-flag-1.0.0.tgz#6eda4bd344a3c94aea376d4cc31bc77311039e09"
  integrity sha512-ot0WnXS9fgdkgIcePe6RHNk1WA8+muPa6cSjeR3V8K27q9BB1rTE3R1p7Hv0z1ZyAc8s6Vvv8DIyWf681MAt0w==

to-regex-range@^5.0.1:
  version "5.0.1"
  resolved "https://registry.npmmirror.com/to-regex-range/-/to-regex-range-5.0.1.tgz#1648c44aae7c8d988a326018ed72f5b4dd0392e4"
  integrity sha512-65P7iz6X5yEr1cwcgvQxbbIw7Uk3gOy5dIdtZ4rDveLqhrdJP+Li/Hx6tyK0NEb+2GCyneCMJiGqrADCSNk8sQ==
  dependencies:
    is-number "^7.0.0"

tslib@^2.4.0, tslib@^2.5.0:
  version "2.5.0"
  resolved "https://registry.npmmirror.com/tslib/-/tslib-2.5.0.tgz#42bfed86f5787aeb41d031866c8f402429e0fddf"
  integrity sha512-336iVw3rtn2BUK7ORdIAHTyxHGRIHVReokCR3XjbckJMK7ms8FysBfhLR8IXnAgy7T0PTPNBWKiH514FOW/WSg==

typescript@^4.9.3:
  version "4.9.5"
  resolved "https://registry.npmmirror.com/typescript/-/typescript-4.9.5.tgz#095979f9bcc0d09da324d58d03ce8f8374cbe65a"
  integrity sha512-1FXk9E2Hm+QzZQ7z+McJiHL4NW1F2EzMu9Nq9i3zAaGqibafqYwCVU6WyWAuyQRRzOlxou8xZSyXLEN8oKj24g==

universalify@^2.0.0:
  version "2.0.0"
  resolved "https://registry.npmmirror.com/universalify/-/universalify-2.0.0.tgz#75a4984efedc4b08975c5aeb73f530d02df25717"
  integrity sha512-hAZsKq7Yy11Zu1DE0OzWjw7nnLZmJZYTDZZyEFHZdUhV8FkH5MCfoU1XMaxXovpyW5nq5scPqq0ZDP9Zyl04oQ==

vite@^4.1.0:
  version "4.1.1"
  resolved "https://registry.npmmirror.com/vite/-/vite-4.1.1.tgz#3b18b81a4e85ce3df5cbdbf4c687d93ebf402e6b"
  integrity sha512-LM9WWea8vsxhr782r9ntg+bhSFS06FJgCvvB0+8hf8UWtvaiDagKYWXndjfX6kGl74keHJUcpzrQliDXZlF5yg==
  dependencies:
    esbuild "^0.16.14"
    postcss "^8.4.21"
    resolve "^1.22.1"
    rollup "^3.10.0"
  optionalDependencies:
    fsevents "~2.3.2"

vue-template-compiler@^2.7.14:
  version "2.7.14"
  resolved "https://registry.npmmirror.com/vue-template-compiler/-/vue-template-compiler-2.7.14.tgz#4545b7dfb88090744c1577ae5ac3f964e61634b1"
  integrity sha512-zyA5Y3ArvVG0NacJDkkzJuPQDF8RFeRlzV2vLeSnhSpieO6LK2OVbdLPi5MPPs09Ii+gMO8nY4S3iKQxBxDmWQ==
  dependencies:
    de-indent "^1.0.2"
    he "^1.2.0"

vue-tsc@^1.0.24:
  version "1.0.24"
  resolved "https://registry.npmmirror.com/vue-tsc/-/vue-tsc-1.0.24.tgz#c0b270a7c8422408d3b6694fee61b39a4b9e4740"
  integrity sha512-mmU1s5SAqE1nByQAiQnao9oU4vX+mSdsgI8H57SfKH6UVzq/jP9+Dbi2GaV+0b4Cn361d2ln8m6xeU60ApiEXg==
  dependencies:
    "@volar/vue-language-core" "1.0.24"
    "@volar/vue-typescript" "1.0.24"

vue@^3.2.45:
  version "3.2.47"
  resolved "https://registry.npmmirror.com/vue/-/vue-3.2.47.tgz#3eb736cbc606fc87038dbba6a154707c8a34cff0"
  integrity sha512-60188y/9Dc9WVrAZeUVSDxRQOZ+z+y5nO2ts9jWXSTkMvayiWxCWOWtBQoYjLeccfXkiiPZWAHcV+WTPhkqJHQ==
  dependencies:
    "@vue/compiler-dom" "3.2.47"
    "@vue/compiler-sfc" "3.2.47"
    "@vue/runtime-dom" "3.2.47"
    "@vue/server-renderer" "3.2.47"
    "@vue/shared" "3.2.47"

wrappy@1:
  version "1.0.2"
  resolved "https://registry.npmmirror.com/wrappy/-/wrappy-1.0.2.tgz#b5243d8f3ec1aa35f1364605bc0d1036e30ab69f"
  integrity sha512-l4Sp/DRseor9wL6EvV2+TuQn63dMkPjZ/sp9XkghTEbV9KlPS1xUsZ3u7/IQO4wxtcFB4bgpQPRcR3QCvezPcQ==

yallist@^4.0.0:
  version "4.0.0"
  resolved "https://registry.npmmirror.com/yallist/-/yallist-4.0.0.tgz#9bb92790d9c0effec63be73519e11a35019a3a72"
  integrity sha512-3wdGidZyq5PB084XLES5TpOSRA3wjXAlIWMhum2kRcv/41Sn2emQ0dycQW4uZXLejwKvg6EsvbdlVL+FYEct7A==
